
Microsoft Visual Studio Solution File, Format Version 12.00
# Visual Studio Version 17
VisualStudioVersion = 17.14.36327.8 d17.14
MinimumVisualStudioVersion = 10.0.40219.1
Project("{FAE04EC0-301F-11D3-BF4B-00C04F79EFBC}") = "Aula01", "Aula01.csproj", "{2874F909-9603-48E0-842F-7DABEECE4C7A}"
EndProject
Global
	GlobalSection(SolutionConfigurationPlatforms) = preSolution
		Debug|Any CPU = Debug|Any CPU
		Release|Any CPU = Release|Any CPU
	EndGlobalSection
	GlobalSection(ProjectConfigurationPlatforms) = postSolution
		{2874F909-9603-48E0-842F-7DABEECE4C7A}.Debug|Any CPU.ActiveCfg = Debug|Any CPU
		{2874F909-9603-48E0-842F-7DABEECE4C7A}.Debug|Any CPU.Build.0 = Debug|Any CPU
		{2874F909-9603-48E0-842F-7DABEECE4C7A}.Release|Any CPU.ActiveCfg = Release|Any CPU
		{2874F909-9603-48E0-842F-7DABEECE4C7A}.Release|Any CPU.Build.0 = Release|Any CPU
	EndGlobalSection
	GlobalSection(SolutionProperties) = preSolution
		HideSolutionNode = FALSE
	EndGlobalSection
	GlobalSection(ExtensibilityGlobals) = postSolution
		SolutionGuid = {CFCA9B3E-20C7-4EA4-9876-F6ACF10E0DCD}
	EndGlobalSection
EndGlobal
