
Microsoft Visual Studio Solution File, Format Version 12.00
# Visual Studio Version 17
VisualStudioVersion = 17.14.36327.8 d17.14
MinimumVisualStudioVersion = 10.0.40219.1
Project("{FAE04EC0-301F-11D3-BF4B-00C04F79EFBC}") = "Aula15 - Foreach", "Aula15 - Foreach.csproj", "{81690B2A-DCC0-43B2-A150-770A1B475C31}"
EndProject
Global
	GlobalSection(SolutionConfigurationPlatforms) = preSolution
		Debug|Any CPU = Debug|Any CPU
		Release|Any CPU = Release|Any CPU
	EndGlobalSection
	GlobalSection(ProjectConfigurationPlatforms) = postSolution
		{81690B2A-DCC0-43B2-A150-770A1B475C31}.Debug|Any CPU.ActiveCfg = Debug|Any CPU
		{81690B2A-DCC0-43B2-A150-770A1B475C31}.Debug|Any CPU.Build.0 = Debug|Any CPU
		{81690B2A-DCC0-43B2-A150-770A1B475C31}.Release|Any CPU.ActiveCfg = Release|Any CPU
		{81690B2A-DCC0-43B2-A150-770A1B475C31}.Release|Any CPU.Build.0 = Release|Any CPU
	EndGlobalSection
	GlobalSection(SolutionProperties) = preSolution
		HideSolutionNode = FALSE
	EndGlobalSection
	GlobalSection(ExtensibilityGlobals) = postSolution
		SolutionGuid = {C4607C59-4F4B-4B53-8526-41F2D9B0F31D}
	EndGlobalSection
EndGlobal
