Microsoft Visual Studio Solution File, Format Version 12.00
# Visual Studio Version 17
VisualStudioVersion = 17.5.2.0
MinimumVisualStudioVersion = 10.0.40219.1
Project("{FAE04EC0-301F-11D3-BF4B-00C04F79EFBC}") = "Operadores_logicos", "Operadores_logicos.csproj", "{065E066F-53B9-9134-C74F-1AFDED459163}"
EndProject
Global
	GlobalSection(SolutionConfigurationPlatforms) = preSolution
		Debug|Any CPU = Debug|Any CPU
		Release|Any CPU = Release|Any CPU
	EndGlobalSection
	GlobalSection(ProjectConfigurationPlatforms) = postSolution
		{065E066F-53B9-9134-C74F-1AFDED459163}.Debug|Any CPU.ActiveCfg = Debug|Any CPU
		{065E066F-53B9-9134-C74F-1AFDED459163}.Debug|Any CPU.Build.0 = Debug|Any CPU
		{065E066F-53B9-9134-C74F-1AFDED459163}.Release|Any CPU.ActiveCfg = Release|Any CPU
		{065E066F-53B9-9134-C74F-1AFDED459163}.Release|Any CPU.Build.0 = Release|Any CPU
	EndGlobalSection
	GlobalSection(SolutionProperties) = preSolution
		HideSolutionNode = FALSE
	EndGlobalSection
	GlobalSection(ExtensibilityGlobals) = postSolution
		SolutionGuid = {5E2FB2C0-0E10-4413-B180-86780ACAAD11}
	EndGlobalSection
EndGlobal
